{
	"name": "p5play-template",
	"version": "1.0.0",
	"lockfileVersion": 3,
	"requires": true,
	"packages": {
		"": {
			"name": "p5play-template",
			"version": "1.0.0",
			"license": "ISC",
			"dependencies": {
				"p5": "^1.6.0",
				"p5.play": "^3.6.7",
				"q5": "^1.0.26"
			}
		},
		"node_modules/p5": {
			"version": "1.6.0",
			"resolved": "https://registry.npmjs.org/p5/-/p5-1.6.0.tgz",
			"integrity": "sha512-RowF+RxfVUhJm/YKXL5TCFzTqnwAIwK6W1VGs9LAqSf3PCmLz9Igbxzlf0Ry5IMV71L42wipCdH/bDiNsqAstA=="
		},
		"node_modules/p5.play": {
			"version": "3.6.7",
			"resolved": "https://registry.npmjs.org/p5.play/-/p5.play-3.6.7.tgz",
			"integrity": "sha512-l4wwxj7/Pr53TDFCvGD80VdAjf8dQ8aLF4h1bgcvFhOHUvksFGyINn7NwFmRwvbkuEJDqk1NNASVoQEnEei67A=="
		},
		"node_modules/q5": {
			"version": "1.0.26",
			"resolved": "https://registry.npmjs.org/q5/-/q5-1.0.26.tgz",
			"integrity": "sha512-pZZyQkNYJQcKiHqQcg1MlcY52PZjYHVZlPmZdT/Mwg10B6HRnO4WXUTC8p+zOZQMGldUULuAowBzzNzYqFViYg=="
		}
	}
}
